
Microsoft Visual Studio Solution File, Format Version 12.00
# Visual Studio Version 17
VisualStudioVersion = 17.0.31903.59
MinimumVisualStudioVersion = 10.0.40219.1
Project("{FAE04EC0-301F-11D3-BF4B-00C04F79EFBC}") = "FiscalService.Api", "src\FiscalService.Api\FiscalService.Api.csproj", "{A1B2C3D4-E5F6-7890-ABCD-EF1234567890}"
EndProject
Project("{2150E333-8FDC-42A3-9474-1A3956D46DE8}") = "tests", "tests", "{26DE7C63-AEAF-43C7-BD26-3DD429576B2B}"
EndProject
Project("{FAE04EC0-301F-11D3-BF4B-00C04F79EFBC}") = "FiscalService.Api.Tests", "tests\FiscalService.Api.Tests\FiscalService.Api.Tests.csproj", "{8C091493-0BE6-440E-8BF7-8EF2430CA68D}"
EndProject
Project("{FAE04EC0-301F-11D3-BF4B-00C04F79EFBC}") = "FiscalService.Api.IntegrationTests", "tests\FiscalService.Api.IntegrationTests\FiscalService.Api.IntegrationTests.csproj", "{1732BBF0-2C42-4F13-9EA8-A789F9D83005}"
EndProject
Global
	GlobalSection(SolutionConfigurationPlatforms) = preSolution
		Debug|Any CPU = Debug|Any CPU
		Release|Any CPU = Release|Any CPU
	EndGlobalSection
	GlobalSection(ProjectConfigurationPlatforms) = postSolution
		{A1B2C3D4-E5F6-7890-ABCD-EF1234567890}.Debug|Any CPU.ActiveCfg = Debug|Any CPU
		{A1B2C3D4-E5F6-7890-ABCD-EF1234567890}.Debug|Any CPU.Build.0 = Debug|Any CPU
		{A1B2C3D4-E5F6-7890-ABCD-EF1234567890}.Release|Any CPU.ActiveCfg = Release|Any CPU
		{A1B2C3D4-E5F6-7890-ABCD-EF1234567890}.Release|Any CPU.Build.0 = Release|Any CPU
		{8C091493-0BE6-440E-8BF7-8EF2430CA68D}.Debug|Any CPU.ActiveCfg = Debug|Any CPU
		{8C091493-0BE6-440E-8BF7-8EF2430CA68D}.Debug|Any CPU.Build.0 = Debug|Any CPU
		{8C091493-0BE6-440E-8BF7-8EF2430CA68D}.Release|Any CPU.ActiveCfg = Release|Any CPU
		{8C091493-0BE6-440E-8BF7-8EF2430CA68D}.Release|Any CPU.Build.0 = Release|Any CPU
		{1732BBF0-2C42-4F13-9EA8-A789F9D83005}.Debug|Any CPU.ActiveCfg = Debug|Any CPU
		{1732BBF0-2C42-4F13-9EA8-A789F9D83005}.Debug|Any CPU.Build.0 = Debug|Any CPU
		{1732BBF0-2C42-4F13-9EA8-A789F9D83005}.Release|Any CPU.ActiveCfg = Release|Any CPU
		{1732BBF0-2C42-4F13-9EA8-A789F9D83005}.Release|Any CPU.Build.0 = Release|Any CPU
	EndGlobalSection
	GlobalSection(NestedProjects) = preSolution
		{8C091493-0BE6-440E-8BF7-8EF2430CA68D} = {26DE7C63-AEAF-43C7-BD26-3DD429576B2B}
		{1732BBF0-2C42-4F13-9EA8-A789F9D83005} = {26DE7C63-AEAF-43C7-BD26-3DD429576B2B}
	EndGlobalSection
EndGlobal
